{
  "meteor": {
    "git": "https://github.com/meteor/meteor.git",
    "branch": "master",
    "commit": "0ffea1c4c308ed24906984f99b13b8fca5a0956c"
  },
  "dependencies": {
    "basePackages": {
      "mini-pages": {},
      "simple-i18n": {}
    },
    "packages": {
      "mini-pages": {
        "git": "https://github.com/cmather/meteor-mini-pages.git",
        "tag": "v0.3.1",
        "commit": "d218140d37b0dbec975880755c2035ae9e022936"
      },
      "simple-i18n": {
        "git": "https://github.com/txgruppi/meteor-simple-i18n.git",
        "tag": "v0.1.7",
        "commit": "b7712e2042078faa7bc3363ac7b938a492d5e31b"
      },
      "HTML5-History-API": {
        "git": "https://github.com/tmeasday/meteor-HTML5-History-API.git",
        "tag": "v0.1.2",
        "commit": "72333bfa71ae1ca75243085e83200eef40818088"
      },
      "page-js-ie-support": {
        "git": "https://github.com/tmeasday/meteor-page-js-ie-support.git",
        "tag": "v1.3.5",
        "commit": "b99ed8380aefd10b2afc8f18d9eed4dd0d8ea9cb"
      },
      "underscore-string": {
        "git": "https://github.com/possibilities/meteor-underscore-string.git",
        "tag": "v2.2.0rc.1",
        "commit": "dec21fac23310daf76dc19f246749e7beb48af03"
      }
    }
  }
}
